
Microsoft Visual Studio Solution File, Format Version 12.00
# Visual Studio Version 16
VisualStudioVersion = 16.0.30104.148
MinimumVisualStudioVersion = 10.0.40219.1
Project("{9A19103F-16F7-4668-BE54-9A1E7A4F7556}") = "LeetCodeConsole", "LeetCodeConsole\LeetCodeConsole.csproj", "{A31470E7-A2A1-494F-8406-1AB7ABE58BB8}"
EndProject
Project("{FAE04EC0-301F-11D3-BF4B-00C04F79EFBC}") = "Structures", "Structures\Structures.csproj", "{48F1E4BF-96DF-441E-9D2B-C5E7EDAE3906}"
EndProject
Global
	GlobalSection(SolutionConfigurationPlatforms) = preSolution
		Debug|Any CPU = Debug|Any CPU
		Release|Any CPU = Release|Any CPU
	EndGlobalSection
	GlobalSection(ProjectConfigurationPlatforms) = postSolution
		{A31470E7-A2A1-494F-8406-1AB7ABE58BB8}.Debug|Any CPU.ActiveCfg = Debug|Any CPU
		{A31470E7-A2A1-494F-8406-1AB7ABE58BB8}.Debug|Any CPU.Build.0 = Debug|Any CPU
		{A31470E7-A2A1-494F-8406-1AB7ABE58BB8}.Release|Any CPU.ActiveCfg = Release|Any CPU
		{A31470E7-A2A1-494F-8406-1AB7ABE58BB8}.Release|Any CPU.Build.0 = Release|Any CPU
		{48F1E4BF-96DF-441E-9D2B-C5E7EDAE3906}.Debug|Any CPU.ActiveCfg = Debug|Any CPU
		{48F1E4BF-96DF-441E-9D2B-C5E7EDAE3906}.Debug|Any CPU.Build.0 = Debug|Any CPU
		{48F1E4BF-96DF-441E-9D2B-C5E7EDAE3906}.Release|Any CPU.ActiveCfg = Release|Any CPU
		{48F1E4BF-96DF-441E-9D2B-C5E7EDAE3906}.Release|Any CPU.Build.0 = Release|Any CPU
	EndGlobalSection
	GlobalSection(SolutionProperties) = preSolution
		HideSolutionNode = FALSE
	EndGlobalSection
	GlobalSection(ExtensibilityGlobals) = postSolution
		SolutionGuid = {9FF0402A-BAA4-4EB8-A5C4-2152640018A5}
	EndGlobalSection
EndGlobal
